// !$*UTF8*$!
{
	archiveVersion = 1;
	classes = {
	};
	objectVersion = 56;
	objects = {

/* Begin PBXBuildFile section */
		479B3F4729FD8D3200A15BE0 /* AppDelegate.swift in Sources */ = {isa = PBXBuildFile; fileRef = 479B3F4629FD8D3200A15BE0 /* AppDelegate.swift */; };
		479B3F4929FD8D3200A15BE0 /* SceneDelegate.swift in Sources */ = {isa = PBXBuildFile; fileRef = 479B3F4829FD8D3200A15BE0 /* SceneDelegate.swift */; };
		479B3F4B29FD8D3200A15BE0 /* MainViewController.swift in Sources */ = {isa = PBXBuildFile; fileRef = 479B3F4A29FD8D3200A15BE0 /* MainViewController.swift */; };
		479B3F4E29FD8D3200A15BE0 /* Main.storyboard in Resources */ = {isa = PBXBuildFile; fileRef = 479B3F4C29FD8D3200A15BE0 /* Main.storyboard */; };
		479B3F5029FD8D3200A15BE0 /* Assets.xcassets in Resources */ = {isa = PBXBuildFile; fileRef = 479B3F4F29FD8D3200A15BE0 /* Assets.xcassets */; };
		479B3F5329FD8D3200A15BE0 /* LaunchScreen.storyboard in Resources */ = {isa = PBXBuildFile; fileRef = 479B3F5129FD8D3200A15BE0 /* LaunchScreen.storyboard */; };
		479B3F5E29FD8D3200A15BE0 /* test_storyboardTests.swift in Sources */ = {isa = PBXBuildFile; fileRef = 479B3F5D29FD8D3200A15BE0 /* test_storyboardTests.swift */; };
		479B3F6829FD8D3200A15BE0 /* test_storyboardUITests.swift in Sources */ = {isa = PBXBuildFile; fileRef = 479B3F6729FD8D3200A15BE0 /* test_storyboardUITests.swift */; };
		479B3F6A29FD8D3200A15BE0 /* test_storyboardUITestsLaunchTests.swift in Sources */ = {isa = PBXBuildFile; fileRef = 479B3F6929FD8D3200A15BE0 /* test_storyboardUITestsLaunchTests.swift */; };
		47B0AD052A01653000211214 /* SecondViewController.swift in Sources */ = {isa = PBXBuildFile; fileRef = 47B0AD042A01653000211214 /* SecondViewController.swift */; };
/* End PBXBuildFile section */

/* Begin PBXContainerItemProxy section */
		479B3F5A29FD8D3200A15BE0 /* PBXContainerItemProxy */ = {
			isa = PBXContainerItemProxy;
			containerPortal = 479B3F3B29FD8D3100A15BE0 /* Project object */;
			proxyType = 1;
			remoteGlobalIDString = 479B3F4229FD8D3200A15BE0;
			remoteInfo = test_storyboard;
		};
		479B3F6429FD8D3200A15BE0 /* PBXContainerItemProxy */ = {
			isa = PBXContainerItemProxy;
			containerPortal = 479B3F3B29FD8D3100A15BE0 /* Project object */;
			proxyType = 1;
			remoteGlobalIDString = 479B3F4229FD8D3200A15BE0;
			remoteInfo = test_storyboard;
		};
/* End PBXContainerItemProxy section */

/* Begin PBXFileReference section */
		479B3F4329FD8D3200A15BE0 /* test_storyboard.app */ = {isa = PBXFileReference; explicitFileType = wrapper.application; includeInIndex = 0; path = test_storyboard.app; sourceTree = BUILT_PRODUCTS_DIR; };
		479B3F4629FD8D3200A15BE0 /* AppDelegate.swift */ = {isa = PBXFileReference; lastKnownFileType = sourcecode.swift; path = AppDelegate.swift; sourceTree = "<group>"; };
		479B3F4829FD8D3200A15BE0 /* SceneDelegate.swift */ = {isa = PBXFileReference; lastKnownFileType = sourcecode.swift; path = SceneDelegate.swift; sourceTree = "<group>"; };
		479B3F4A29FD8D3200A15BE0 /* MainViewController.swift */ = {isa = PBXFileReference; lastKnownFileType = sourcecode.swift; path = MainViewController.swift; sourceTree = "<group>"; };
		479B3F4D29FD8D3200A15BE0 /* Base */ = {isa = PBXFileReference; lastKnownFileType = file.storyboard; name = Base; path = Base.lproj/Main.storyboard; sourceTree = "<group>"; };
		479B3F4F29FD8D3200A15BE0 /* Assets.xcassets */ = {isa = PBXFileReference; lastKnownFileType = folder.assetcatalog; path = Assets.xcassets; sourceTree = "<group>"; };
		479B3F5229FD8D3200A15BE0 /* Base */ = {isa = PBXFileReference; lastKnownFileType = file.storyboard; name = Base; path = Base.lproj/LaunchScreen.storyboard; sourceTree = "<group>"; };
		479B3F5429FD8D3200A15BE0 /* Info.plist */ = {isa = PBXFileReference; lastKnownFileType = text.plist.xml; path = Info.plist; sourceTree = "<group>"; };
		479B3F5929FD8D3200A15BE0 /* test_storyboardTests.xctest */ = {isa = PBXFileReference; explicitFileType = wrapper.cfbundle; includeInIndex = 0; path = test_storyboardTests.xctest; sourceTree = BUILT_PRODUCTS_DIR; };
		479B3F5D29FD8D3200A15BE0 /* test_storyboardTests.swift */ = {isa = PBXFileReference; lastKnownFileType = sourcecode.swift; path = test_storyboardTests.swift; sourceTree = "<group>"; };
		479B3F6329FD8D3200A15BE0 /* test_storyboardUITests.xctest */ = {isa = PBXFileReference; explicitFileType = wrapper.cfbundle; includeInIndex = 0; path = test_storyboardUITests.xctest; sourceTree = BUILT_PRODUCTS_DIR; };
		479B3F6729FD8D3200A15BE0 /* test_storyboardUITests.swift */ = {isa = PBXFileReference; lastKnownFileType = sourcecode.swift; path = test_storyboardUITests.swift; sourceTree = "<group>"; };
		479B3F6929FD8D3200A15BE0 /* test_storyboardUITestsLaunchTests.swift */ = {isa = PBXFileReference; lastKnownFileType = sourcecode.swift; path = test_storyboardUITestsLaunchTests.swift; sourceTree = "<group>"; };
		47B0AD042A01653000211214 /* SecondViewController.swift */ = {isa = PBXFileReference; lastKnownFileType = sourcecode.swift; path = SecondViewController.swift; sourceTree = "<group>"; };
/* End PBXFileReference section */

/* Begin PBXFrameworksBuildPhase section */
		479B3F4029FD8D3200A15BE0 /* Frameworks */ = {
			isa = PBXFrameworksBuildPhase;
			buildActionMask = 2147483647;
			files = (
			);
			runOnlyForDeploymentPostprocessing = 0;
		};
		479B3F5629FD8D3200A15BE0 /* Frameworks */ = {
			isa = PBXFrameworksBuildPhase;
			buildActionMask = 2147483647;
			files = (
			);
			runOnlyForDeploymentPostprocessing = 0;
		};
		479B3F6029FD8D3200A15BE0 /* Frameworks */ = {
			isa = PBXFrameworksBuildPhase;
			buildActionMask = 2147483647;
			files = (
			);
			runOnlyForDeploymentPostprocessing = 0;
		};
/* End PBXFrameworksBuildPhase section */

/* Begin PBXGroup section */
		479B3F3A29FD8D3100A15BE0 = {
			isa = PBXGroup;
			children = (
				479B3F4529FD8D3200A15BE0 /* test_storyboard */,
				479B3F5C29FD8D3200A15BE0 /* test_storyboardTests */,
				479B3F6629FD8D3200A15BE0 /* test_storyboardUITests */,
				479B3F4429FD8D3200A15BE0 /* Products */,
			);
			sourceTree = "<group>";
		};
		479B3F4429FD8D3200A15BE0 /* Products */ = {
			isa = PBXGroup;
			children = (
				479B3F4329FD8D3200A15BE0 /* test_storyboard.app */,
				479B3F5929FD8D3200A15BE0 /* test_storyboardTests.xctest */,
				479B3F6329FD8D3200A15BE0 /* test_storyboardUITests.xctest */,
			);
			name = Products;
			sourceTree = "<group>";
		};
		479B3F4529FD8D3200A15BE0 /* test_storyboard */ = {
			isa = PBXGroup;
			children = (
				47B0AD042A01653000211214 /* SecondViewController.swift */,
				479B3F4629FD8D3200A15BE0 /* AppDelegate.swift */,
				479B3F4829FD8D3200A15BE0 /* SceneDelegate.swift */,
				479B3F4A29FD8D3200A15BE0 /* MainViewController.swift */,
				479B3F4C29FD8D3200A15BE0 /* Main.storyboard */,
				479B3F4F29FD8D3200A15BE0 /* Assets.xcassets */,
				479B3F5129FD8D3200A15BE0 /* LaunchScreen.storyboard */,
				479B3F5429FD8D3200A15BE0 /* Info.plist */,
			);
			path = test_storyboard;
			sourceTree = "<group>";
		};
		479B3F5C29FD8D3200A15BE0 /* test_storyboardTests */ = {
			isa = PBXGroup;
			children = (
				479B3F5D29FD8D3200A15BE0 /* test_storyboardTests.swift */,
			);
			path = test_storyboardTests;
			sourceTree = "<group>";
		};
		479B3F6629FD8D3200A15BE0 /* test_storyboardUITests */ = {
			isa = PBXGroup;
			children = (
				479B3F6729FD8D3200A15BE0 /* test_storyboardUITests.swift */,
				479B3F6929FD8D3200A15BE0 /* test_storyboardUITestsLaunchTests.swift */,
			);
			path = test_storyboardUITests;
			sourceTree = "<group>";
		};
/* End PBXGroup section */

/* Begin PBXNativeTarget section */
		479B3F4229FD8D3200A15BE0 /* test_storyboard */ = {
			isa = PBXNativeTarget;
			buildConfigurationList = 479B3F6D29FD8D3200A15BE0 /* Build configuration list for PBXNativeTarget "test_storyboard" */;
			buildPhases = (
				479B3F3F29FD8D3200A15BE0 /* Sources */,
				479B3F4029FD8D3200A15BE0 /* Frameworks */,
				479B3F4129FD8D3200A15BE0 /* Resources */,
			);
			buildRules = (
			);
			dependencies = (
			);
			name = test_storyboard;
			productName = test_storyboard;
			productReference = 479B3F4329FD8D3200A15BE0 /* test_storyboard.app */;
			productType = "com.apple.product-type.application";
		};
		479B3F5829FD8D3200A15BE0 /* test_storyboardTests */ = {
			isa = PBXNativeTarget;
			buildConfigurationList = 479B3F7029FD8D3200A15BE0 /* Build configuration list for PBXNativeTarget "test_storyboardTests" */;
			buildPhases = (
				479B3F5529FD8D3200A15BE0 /* Sources */,
				479B3F5629FD8D3200A15BE0 /* Frameworks */,
				479B3F5729FD8D3200A15BE0 /* Resources */,
			);
			buildRules = (
			);
			dependencies = (
				479B3F5B29FD8D3200A15BE0 /* PBXTargetDependency */,
			);
			name = test_storyboardTests;
			productName = test_storyboardTests;
			productReference = 479B3F5929FD8D3200A15BE0 /* test_storyboardTests.xctest */;
			productType = "com.apple.product-type.bundle.unit-test";
		};
		479B3F6229FD8D3200A15BE0 /* test_storyboardUITests */ = {
			isa = PBXNativeTarget;
			buildConfigurationList = 479B3F7329FD8D3200A15BE0 /* Build configuration list for PBXNativeTarget "test_storyboardUITests" */;
			buildPhases = (
				479B3F5F29FD8D3200A15BE0 /* Sources */,
				479B3F6029FD8D3200A15BE0 /* Frameworks */,
				479B3F6129FD8D3200A15BE0 /* Resources */,
			);
			buildRules = (
			);
			dependencies = (
				479B3F6529FD8D3200A15BE0 /* PBXTargetDependency */,
			);
			name = test_storyboardUITests;
			productName = test_storyboardUITests;
			productReference = 479B3F6329FD8D3200A15BE0 /* test_storyboardUITests.xctest */;
			productType = "com.apple.product-type.bundle.ui-testing";
		};
/* End PBXNativeTarget section */

/* Begin PBXProject section */
		479B3F3B29FD8D3100A15BE0 /* Project object */ = {
			isa = PBXProject;
			attributes = {
				BuildIndependentTargetsInParallel = 1;
				LastSwiftUpdateCheck = 1430;
				LastUpgradeCheck = 1430;
				TargetAttributes = {
					479B3F4229FD8D3200A15BE0 = {
						CreatedOnToolsVersion = 14.3;
					};
					479B3F5829FD8D3200A15BE0 = {
						CreatedOnToolsVersion = 14.3;
						TestTargetID = 479B3F4229FD8D3200A15BE0;
					};
					479B3F6229FD8D3200A15BE0 = {
						CreatedOnToolsVersion = 14.3;
						TestTargetID = 479B3F4229FD8D3200A15BE0;
					};
				};
			};
			buildConfigurationList = 479B3F3E29FD8D3100A15BE0 /* Build configuration list for PBXProject "test_storyboard" */;
			compatibilityVersion = "Xcode 14.0";
			developmentRegion = en;
			hasScannedForEncodings = 0;
			knownRegions = (
				en,
				Base,
			);
			mainGroup = 479B3F3A29FD8D3100A15BE0;
			productRefGroup = 479B3F4429FD8D3200A15BE0 /* Products */;
			projectDirPath = "";
			projectRoot = "";
			targets = (
				479B3F4229FD8D3200A15BE0 /* test_storyboard */,
				479B3F5829FD8D3200A15BE0 /* test_storyboardTests */,
				479B3F6229FD8D3200A15BE0 /* test_storyboardUITests */,
			);
		};
/* End PBXProject section */

/* Begin PBXResourcesBuildPhase section */
		479B3F4129FD8D3200A15BE0 /* Resources */ = {
			isa = PBXResourcesBuildPhase;
			buildActionMask = 2147483647;
			files = (
				479B3F5329FD8D3200A15BE0 /* LaunchScreen.storyboard in Resources */,
				479B3F5029FD8D3200A15BE0 /* Assets.xcassets in Resources */,
				479B3F4E29FD8D3200A15BE0 /* Main.storyboard in Resources */,
			);
			runOnlyForDeploymentPostprocessing = 0;
		};
		479B3F5729FD8D3200A15BE0 /* Resources */ = {
			isa = PBXResourcesBuildPhase;
			buildActionMask = 2147483647;
			files = (
			);
			runOnlyForDeploymentPostprocessing = 0;
		};
		479B3F6129FD8D3200A15BE0 /* Resources */ = {
			isa = PBXResourcesBuildPhase;
			buildActionMask = 2147483647;
			files = (
			);
			runOnlyForDeploymentPostprocessing = 0;
		};
/* End PBXResourcesBuildPhase section */

/* Begin PBXSourcesBuildPhase section */
		479B3F3F29FD8D3200A15BE0 /* Sources */ = {
			isa = PBXSourcesBuildPhase;
			buildActionMask = 2147483647;
			files = (
				47B0AD052A01653000211214 /* SecondViewController.swift in Sources */,
				479B3F4B29FD8D3200A15BE0 /* MainViewController.swift in Sources */,
				479B3F4729FD8D3200A15BE0 /* AppDelegate.swift in Sources */,
				479B3F4929FD8D3200A15BE0 /* SceneDelegate.swift in Sources */,
			);
			runOnlyForDeploymentPostprocessing = 0;
		};
		479B3F5529FD8D3200A15BE0 /* Sources */ = {
			isa = PBXSourcesBuildPhase;
			buildActionMask = 2147483647;
			files = (
				479B3F5E29FD8D3200A15BE0 /* test_storyboardTests.swift in Sources */,
			);
			runOnlyForDeploymentPostprocessing = 0;
		};
		479B3F5F29FD8D3200A15BE0 /* Sources */ = {
			isa = PBXSourcesBuildPhase;
			buildActionMask = 2147483647;
			files = (
				479B3F6829FD8D3200A15BE0 /* test_storyboardUITests.swift in Sources */,
				479B3F6A29FD8D3200A15BE0 /* test_storyboardUITestsLaunchTests.swift in Sources */,
			);
			runOnlyForDeploymentPostprocessing = 0;
		};
/* End PBXSourcesBuildPhase section */

/* Begin PBXTargetDependency section */
		479B3F5B29FD8D3200A15BE0 /* PBXTargetDependency */ = {
			isa = PBXTargetDependency;
			target = 479B3F4229FD8D3200A15BE0 /* test_storyboard */;
			targetProxy = 479B3F5A29FD8D3200A15BE0 /* PBXContainerItemProxy */;
		};
		479B3F6529FD8D3200A15BE0 /* PBXTargetDependency */ = {
			isa = PBXTargetDependency;
			target = 479B3F4229FD8D3200A15BE0 /* test_storyboard */;
			targetProxy = 479B3F6429FD8D3200A15BE0 /* PBXContainerItemProxy */;
		};
/* End PBXTargetDependency section */

/* Begin PBXVariantGroup section */
		479B3F4C29FD8D3200A15BE0 /* Main.storyboard */ = {
			isa = PBXVariantGroup;
			children = (
				479B3F4D29FD8D3200A15BE0 /* Base */,
			);
			name = Main.storyboard;
			sourceTree = "<group>";
		};
		479B3F5129FD8D3200A15BE0 /* LaunchScreen.storyboard */ = {
			isa = PBXVariantGroup;
			children = (
				479B3F5229FD8D3200A15BE0 /* Base */,
			);
			name = LaunchScreen.storyboard;
			sourceTree = "<group>";
		};
/* End PBXVariantGroup section */

/* Begin XCBuildConfiguration section */
		479B3F6B29FD8D3200A15BE0 /* Debug */ = {
			isa = XCBuildConfiguration;
			buildSettings = {
				ALWAYS_SEARCH_USER_PATHS = NO;
				CLANG_ANALYZER_NONNULL = YES;
				CLANG_ANALYZER_NUMBER_OBJECT_CONVERSION = YES_AGGRESSIVE;
				CLANG_CXX_LANGUAGE_STANDARD = "gnu++20";
				CLANG_ENABLE_MODULES = YES;
				CLANG_ENABLE_OBJC_ARC = YES;
				CLANG_ENABLE_OBJC_WEAK = YES;
				CLANG_WARN_BLOCK_CAPTURE_AUTORELEASING = YES;
				CLANG_WARN_BOOL_CONVERSION = YES;
				CLANG_WARN_COMMA = YES;
				CLANG_WARN_CONSTANT_CONVERSION = YES;
				CLANG_WARN_DEPRECATED_OBJC_IMPLEMENTATIONS = YES;
				CLANG_WARN_DIRECT_OBJC_ISA_USAGE = YES_ERROR;
				CLANG_WARN_DOCUMENTATION_COMMENTS = YES;
				CLANG_WARN_EMPTY_BODY = YES;
				CLANG_WARN_ENUM_CONVERSION = YES;
				CLANG_WARN_INFINITE_RECURSION = YES;
				CLANG_WARN_INT_CONVERSION = YES;
				CLANG_WARN_NON_LITERAL_NULL_CONVERSION = YES;
				CLANG_WARN_OBJC_IMPLICIT_RETAIN_SELF = YES;
				CLANG_WARN_OBJC_LITERAL_CONVERSION = YES;
				CLANG_WARN_OBJC_ROOT_CLASS = YES_ERROR;
				CLANG_WARN_QUOTED_INCLUDE_IN_FRAMEWORK_HEADER = YES;
				CLANG_WARN_RANGE_LOOP_ANALYSIS = YES;
				CLANG_WARN_STRICT_PROTOTYPES = YES;
				CLANG_WARN_SUSPICIOUS_MOVE = YES;
				CLANG_WARN_UNGUARDED_AVAILABILITY = YES_AGGRESSIVE;
				CLANG_WARN_UNREACHABLE_CODE = YES;
				CLANG_WARN__DUPLICATE_METHOD_MATCH = YES;
				COPY_PHASE_STRIP = NO;
				DEBUG_INFORMATION_FORMAT = dwarf;
				ENABLE_STRICT_OBJC_MSGSEND = YES;
				ENABLE_TESTABILITY = YES;
				GCC_C_LANGUAGE_STANDARD = gnu11;
				GCC_DYNAMIC_NO_PIC = NO;
				GCC_NO_COMMON_BLOCKS = YES;
				GCC_OPTIMIZATION_LEVEL = 0;
				GCC_PREPROCESSOR_DEFINITIONS = (
					"DEBUG=1",
					"$(inherited)",
				);
				GCC_WARN_64_TO_32_BIT_CONVERSION = YES;
				GCC_WARN_ABOUT_RETURN_TYPE = YES_ERROR;
				GCC_WARN_UNDECLARED_SELECTOR = YES;
				GCC_WARN_UNINITIALIZED_AUTOS = YES_AGGRESSIVE;
				GCC_WARN_UNUSED_FUNCTION = YES;
				GCC_WARN_UNUSED_VARIABLE = YES;
				IPHONEOS_DEPLOYMENT_TARGET = 16.4;
				MTL_ENABLE_DEBUG_INFO = INCLUDE_SOURCE;
				MTL_FAST_MATH = YES;
				ONLY_ACTIVE_ARCH = YES;
				SDKROOT = iphoneos;
				SWIFT_ACTIVE_COMPILATION_CONDITIONS = DEBUG;
				SWIFT_OPTIMIZATION_LEVEL = "-Onone";
			};
			name = Debug;
		};
		479B3F6C29FD8D3200A15BE0 /* Release */ = {
			isa = XCBuildConfiguration;
			buildSettings = {
				ALWAYS_SEARCH_USER_PATHS = NO;
				CLANG_ANALYZER_NONNULL = YES;
				CLANG_ANALYZER_NUMBER_OBJECT_CONVERSION = YES_AGGRESSIVE;
				CLANG_CXX_LANGUAGE_STANDARD = "gnu++20";
				CLANG_ENABLE_MODULES = YES;
				CLANG_ENABLE_OBJC_ARC = YES;
				CLANG_ENABLE_OBJC_WEAK = YES;
				CLANG_WARN_BLOCK_CAPTURE_AUTORELEASING = YES;
				CLANG_WARN_BOOL_CONVERSION = YES;
				CLANG_WARN_COMMA = YES;
				CLANG_WARN_CONSTANT_CONVERSION = YES;
				CLANG_WARN_DEPRECATED_OBJC_IMPLEMENTATIONS = YES;
				CLANG_WARN_DIRECT_OBJC_ISA_USAGE = YES_ERROR;
				CLANG_WARN_DOCUMENTATION_COMMENTS = YES;
				CLANG_WARN_EMPTY_BODY = YES;
				CLANG_WARN_ENUM_CONVERSION = YES;
				CLANG_WARN_INFINITE_RECURSION = YES;
				CLANG_WARN_INT_CONVERSION = YES;
				CLANG_WARN_NON_LITERAL_NULL_CONVERSION = YES;
				CLANG_WARN_OBJC_IMPLICIT_RETAIN_SELF = YES;
				CLANG_WARN_OBJC_LITERAL_CONVERSION = YES;
				CLANG_WARN_OBJC_ROOT_CLASS = YES_ERROR;
				CLANG_WARN_QUOTED_INCLUDE_IN_FRAMEWORK_HEADER = YES;
				CLANG_WARN_RANGE_LOOP_ANALYSIS = YES;
				CLANG_WARN_STRICT_PROTOTYPES = YES;
				CLANG_WARN_SUSPICIOUS_MOVE = YES;
				CLANG_WARN_UNGUARDED_AVAILABILITY = YES_AGGRESSIVE;
				CLANG_WARN_UNREACHABLE_CODE = YES;
				CLANG_WARN__DUPLICATE_METHOD_MATCH = YES;
				COPY_PHASE_STRIP = NO;
				DEBUG_INFORMATION_FORMAT = "dwarf-with-dsym";
				ENABLE_NS_ASSERTIONS = NO;
				ENABLE_STRICT_OBJC_MSGSEND = YES;
				GCC_C_LANGUAGE_STANDARD = gnu11;
				GCC_NO_COMMON_BLOCKS = YES;
				GCC_WARN_64_TO_32_BIT_CONVERSION = YES;
				GCC_WARN_ABOUT_RETURN_TYPE = YES_ERROR;
				GCC_WARN_UNDECLARED_SELECTOR = YES;
				GCC_WARN_UNINITIALIZED_AUTOS = YES_AGGRESSIVE;
				GCC_WARN_UNUSED_FUNCTION = YES;
				GCC_WARN_UNUSED_VARIABLE = YES;
				IPHONEOS_DEPLOYMENT_TARGET = 16.4;
				MTL_ENABLE_DEBUG_INFO = NO;
				MTL_FAST_MATH = YES;
				SDKROOT = iphoneos;
				SWIFT_COMPILATION_MODE = wholemodule;
				SWIFT_OPTIMIZATION_LEVEL = "-O";
				VALIDATE_PRODUCT = YES;
			};
			name = Release;
		};
		479B3F6E29FD8D3200A15BE0 /* Debug */ = {
			isa = XCBuildConfiguration;
			buildSettings = {
				ASSETCATALOG_COMPILER_APPICON_NAME = AppIcon;
				ASSETCATALOG_COMPILER_GLOBAL_ACCENT_COLOR_NAME = AccentColor;
				CODE_SIGN_STYLE = Automatic;
				CURRENT_PROJECT_VERSION = 1;
				DEVELOPMENT_TEAM = 8DD83HKK8X;
				GENERATE_INFOPLIST_FILE = YES;
				INFOPLIST_FILE = test_storyboard/Info.plist;
				INFOPLIST_KEY_CFBundleDisplayName = test_storyboard;
				INFOPLIST_KEY_LSApplicationCategoryType = "public.app-category.developer-tools";
				INFOPLIST_KEY_UIApplicationSupportsIndirectInputEvents = YES;
				INFOPLIST_KEY_UILaunchStoryboardName = LaunchScreen;
				INFOPLIST_KEY_UIMainStoryboardFile = Main;
				INFOPLIST_KEY_UISupportedInterfaceOrientations_iPad = "UIInterfaceOrientationPortrait UIInterfaceOrientationPortraitUpsideDown UIInterfaceOrientationLandscapeLeft UIInterfaceOrientationLandscapeRight";
				INFOPLIST_KEY_UISupportedInterfaceOrientations_iPhone = "UIInterfaceOrientationPortrait UIInterfaceOrientationLandscapeLeft UIInterfaceOrientationLandscapeRight";
				IPHONEOS_DEPLOYMENT_TARGET = 13.0;
				LD_RUNPATH_SEARCH_PATHS = (
					"$(inherited)",
					"@executable_path/Frameworks",
				);
				MARKETING_VERSION = 1.0;
				PRODUCT_BUNDLE_IDENTIFIER = "com.actimage.tezov.test-storyboard";
				PRODUCT_NAME = "$(TARGET_NAME)";
				SWIFT_EMIT_LOC_STRINGS = YES;
				SWIFT_VERSION = 5.0;
				TARGETED_DEVICE_FAMILY = "1,2";
			};
			name = Debug;
		};
		479B3F6F29FD8D3200A15BE0 /* Release */ = {
			isa = XCBuildConfiguration;
			buildSettings = {
				ASSETCATALOG_COMPILER_APPICON_NAME = AppIcon;
				ASSETCATALOG_COMPILER_GLOBAL_ACCENT_COLOR_NAME = AccentColor;
				CODE_SIGN_STYLE = Automatic;
				CURRENT_PROJECT_VERSION = 1;
				DEVELOPMENT_TEAM = 8DD83HKK8X;
				GENERATE_INFOPLIST_FILE = YES;
				INFOPLIST_FILE = test_storyboard/Info.plist;
				INFOPLIST_KEY_CFBundleDisplayName = test_storyboard;
				INFOPLIST_KEY_LSApplicationCategoryType = "public.app-category.developer-tools";
				INFOPLIST_KEY_UIApplicationSupportsIndirectInputEvents = YES;
				INFOPLIST_KEY_UILaunchStoryboardName = LaunchScreen;
				INFOPLIST_KEY_UIMainStoryboardFile = Main;
				INFOPLIST_KEY_UISupportedInterfaceOrientations_iPad = "UIInterfaceOrientationPortrait UIInterfaceOrientationPortraitUpsideDown UIInterfaceOrientationLandscapeLeft UIInterfaceOrientationLandscapeRight";
				INFOPLIST_KEY_UISupportedInterfaceOrientations_iPhone = "UIInterfaceOrientationPortrait UIInterfaceOrientationLandscapeLeft UIInterfaceOrientationLandscapeRight";
				IPHONEOS_DEPLOYMENT_TARGET = 13.0;
				LD_RUNPATH_SEARCH_PATHS = (
					"$(inherited)",
					"@executable_path/Frameworks",
				);
				MARKETING_VERSION = 1.0;
				PRODUCT_BUNDLE_IDENTIFIER = "com.actimage.tezov.test-storyboard";
				PRODUCT_NAME = "$(TARGET_NAME)";
				SWIFT_EMIT_LOC_STRINGS = YES;
				SWIFT_VERSION = 5.0;
				TARGETED_DEVICE_FAMILY = "1,2";
			};
			name = Release;
		};
		479B3F7129FD8D3200A15BE0 /* Debug */ = {
			isa = XCBuildConfiguration;
			buildSettings = {
				ALWAYS_EMBED_SWIFT_STANDARD_LIBRARIES = YES;
				BUNDLE_LOADER = "$(TEST_HOST)";
				CODE_SIGN_STYLE = Automatic;
				CURRENT_PROJECT_VERSION = 1;
				GENERATE_INFOPLIST_FILE = YES;
				IPHONEOS_DEPLOYMENT_TARGET = 16.4;
				MARKETING_VERSION = 1.0;
				PRODUCT_BUNDLE_IDENTIFIER = "com.actimage.tezov.test-storyboardTests";
				PRODUCT_NAME = "$(TARGET_NAME)";
				SWIFT_EMIT_LOC_STRINGS = NO;
				SWIFT_VERSION = 5.0;
				TARGETED_DEVICE_FAMILY = "1,2";
				TEST_HOST = "$(BUILT_PRODUCTS_DIR)/test_storyboard.app/$(BUNDLE_EXECUTABLE_FOLDER_PATH)/test_storyboard";
			};
			name = Debug;
		};
		479B3F7229FD8D3200A15BE0 /* Release */ = {
			isa = XCBuildConfiguration;
			buildSettings = {
				ALWAYS_EMBED_SWIFT_STANDARD_LIBRARIES = YES;
				BUNDLE_LOADER = "$(TEST_HOST)";
				CODE_SIGN_STYLE = Automatic;
				CURRENT_PROJECT_VERSION = 1;
				GENERATE_INFOPLIST_FILE = YES;
				IPHONEOS_DEPLOYMENT_TARGET = 16.4;
				MARKETING_VERSION = 1.0;
				PRODUCT_BUNDLE_IDENTIFIER = "com.actimage.tezov.test-storyboardTests";
				PRODUCT_NAME = "$(TARGET_NAME)";
				SWIFT_EMIT_LOC_STRINGS = NO;
				SWIFT_VERSION = 5.0;
				TARGETED_DEVICE_FAMILY = "1,2";
				TEST_HOST = "$(BUILT_PRODUCTS_DIR)/test_storyboard.app/$(BUNDLE_EXECUTABLE_FOLDER_PATH)/test_storyboard";
			};
			name = Release;
		};
		479B3F7429FD8D3200A15BE0 /* Debug */ = {
			isa = XCBuildConfiguration;
			buildSettings = {
				ALWAYS_EMBED_SWIFT_STANDARD_LIBRARIES = YES;
				CODE_SIGN_STYLE = Automatic;
				CURRENT_PROJECT_VERSION = 1;
				GENERATE_INFOPLIST_FILE = YES;
				MARKETING_VERSION = 1.0;
				PRODUCT_BUNDLE_IDENTIFIER = "com.actimage.tezov.test-storyboardUITests";
				PRODUCT_NAME = "$(TARGET_NAME)";
				SWIFT_EMIT_LOC_STRINGS = NO;
				SWIFT_VERSION = 5.0;
				TARGETED_DEVICE_FAMILY = "1,2";
				TEST_TARGET_NAME = test_storyboard;
			};
			name = Debug;
		};
		479B3F7529FD8D3200A15BE0 /* Release */ = {
			isa = XCBuildConfiguration;
			buildSettings = {
				ALWAYS_EMBED_SWIFT_STANDARD_LIBRARIES = YES;
				CODE_SIGN_STYLE = Automatic;
				CURRENT_PROJECT_VERSION = 1;
				GENERATE_INFOPLIST_FILE = YES;
				MARKETING_VERSION = 1.0;
				PRODUCT_BUNDLE_IDENTIFIER = "com.actimage.tezov.test-storyboardUITests";
				PRODUCT_NAME = "$(TARGET_NAME)";
				SWIFT_EMIT_LOC_STRINGS = NO;
				SWIFT_VERSION = 5.0;
				TARGETED_DEVICE_FAMILY = "1,2";
				TEST_TARGET_NAME = test_storyboard;
			};
			name = Release;
		};
/* End XCBuildConfiguration section */

/* Begin XCConfigurationList section */
		479B3F3E29FD8D3100A15BE0 /* Build configuration list for PBXProject "test_storyboard" */ = {
			isa = XCConfigurationList;
			buildConfigurations = (
				479B3F6B29FD8D3200A15BE0 /* Debug */,
				479B3F6C29FD8D3200A15BE0 /* Release */,
			);
			defaultConfigurationIsVisible = 0;
			defaultConfigurationName = Release;
		};
		479B3F6D29FD8D3200A15BE0 /* Build configuration list for PBXNativeTarget "test_storyboard" */ = {
			isa = XCConfigurationList;
			buildConfigurations = (
				479B3F6E29FD8D3200A15BE0 /* Debug */,
				479B3F6F29FD8D3200A15BE0 /* Release */,
			);
			defaultConfigurationIsVisible = 0;
			defaultConfigurationName = Release;
		};
		479B3F7029FD8D3200A15BE0 /* Build configuration list for PBXNativeTarget "test_storyboardTests" */ = {
			isa = XCConfigurationList;
			buildConfigurations = (
				479B3F7129FD8D3200A15BE0 /* Debug */,
				479B3F7229FD8D3200A15BE0 /* Release */,
			);
			defaultConfigurationIsVisible = 0;
			defaultConfigurationName = Release;
		};
		479B3F7329FD8D3200A15BE0 /* Build configuration list for PBXNativeTarget "test_storyboardUITests" */ = {
			isa = XCConfigurationList;
			buildConfigurations = (
				479B3F7429FD8D3200A15BE0 /* Debug */,
				479B3F7529FD8D3200A15BE0 /* Release */,
			);
			defaultConfigurationIsVisible = 0;
			defaultConfigurationName = Release;
		};
/* End XCConfigurationList section */
	};
	rootObject = 479B3F3B29FD8D3100A15BE0 /* Project object */;
}
