// !$*UTF8*$!
{
	archiveVersion = 1;
	classes = {
	};
	objectVersion = 56;
	objects = {

/* Begin PBXBuildFile section */
		470C60252A36562B003ADA38 /* HomeViewXib.xib in Resources */ = {isa = PBXBuildFile; fileRef = 470C60242A36562B003ADA38 /* HomeViewXib.xib */; };
		470C60272A36563C003ADA38 /* HomeViewXib.swift in Sources */ = {isa = PBXBuildFile; fileRef = 470C60262A36563C003ADA38 /* HomeViewXib.swift */; };
		470C60292A365760003ADA38 /* FirstViewXib.swift in Sources */ = {isa = PBXBuildFile; fileRef = 470C60282A365760003ADA38 /* FirstViewXib.swift */; };
		470C602C2A3657CC003ADA38 /* FirstViewXib.xib in Resources */ = {isa = PBXBuildFile; fileRef = 470C602B2A3657CC003ADA38 /* FirstViewXib.xib */; };
		470C602F2A365853003ADA38 /* SecondViewXib.swift in Sources */ = {isa = PBXBuildFile; fileRef = 470C602E2A365853003ADA38 /* SecondViewXib.swift */; };
		470C60312A365865003ADA38 /* SecondViewXib.xib in Resources */ = {isa = PBXBuildFile; fileRef = 470C60302A365865003ADA38 /* SecondViewXib.xib */; };
		47F3DBD82A364BC400A50500 /* AppDelegate.swift in Sources */ = {isa = PBXBuildFile; fileRef = 47F3DBD72A364BC400A50500 /* AppDelegate.swift */; };
		47F3DBDA2A364BC400A50500 /* SceneDelegate.swift in Sources */ = {isa = PBXBuildFile; fileRef = 47F3DBD92A364BC400A50500 /* SceneDelegate.swift */; };
		47F3DBE12A364BC500A50500 /* Assets.xcassets in Resources */ = {isa = PBXBuildFile; fileRef = 47F3DBE02A364BC500A50500 /* Assets.xcassets */; };
		47F3DBE42A364BC500A50500 /* LaunchScreen.storyboard in Resources */ = {isa = PBXBuildFile; fileRef = 47F3DBE22A364BC500A50500 /* LaunchScreen.storyboard */; };
		47F3DBF22A364CA100A50500 /* Coordinator.swift in Sources */ = {isa = PBXBuildFile; fileRef = 47F3DBF12A364CA100A50500 /* Coordinator.swift */; };
		47F3DBF62A364CDA00A50500 /* SecondViewController.swift in Sources */ = {isa = PBXBuildFile; fileRef = 47F3DBF52A364CDA00A50500 /* SecondViewController.swift */; };
		47F3DBF82A364CE500A50500 /* FirstViewController.swift in Sources */ = {isa = PBXBuildFile; fileRef = 47F3DBF72A364CE500A50500 /* FirstViewController.swift */; };
		47F3DBFC2A364EF400A50500 /* HomeViewController.swift in Sources */ = {isa = PBXBuildFile; fileRef = 47F3DBFB2A364EF400A50500 /* HomeViewController.swift */; };
/* End PBXBuildFile section */

/* Begin PBXFileReference section */
		470C60242A36562B003ADA38 /* HomeViewXib.xib */ = {isa = PBXFileReference; lastKnownFileType = file.xib; path = HomeViewXib.xib; sourceTree = "<group>"; };
		470C60262A36563C003ADA38 /* HomeViewXib.swift */ = {isa = PBXFileReference; lastKnownFileType = sourcecode.swift; path = HomeViewXib.swift; sourceTree = "<group>"; };
		470C60282A365760003ADA38 /* FirstViewXib.swift */ = {isa = PBXFileReference; lastKnownFileType = sourcecode.swift; path = FirstViewXib.swift; sourceTree = "<group>"; };
		470C602B2A3657CC003ADA38 /* FirstViewXib.xib */ = {isa = PBXFileReference; lastKnownFileType = file.xib; path = FirstViewXib.xib; sourceTree = "<group>"; };
		470C602E2A365853003ADA38 /* SecondViewXib.swift */ = {isa = PBXFileReference; lastKnownFileType = sourcecode.swift; path = SecondViewXib.swift; sourceTree = "<group>"; };
		470C60302A365865003ADA38 /* SecondViewXib.xib */ = {isa = PBXFileReference; lastKnownFileType = file.xib; path = SecondViewXib.xib; sourceTree = "<group>"; };
		47F3DBD42A364BC400A50500 /* test_coordinator_pattern.app */ = {isa = PBXFileReference; explicitFileType = wrapper.application; includeInIndex = 0; path = test_coordinator_pattern.app; sourceTree = BUILT_PRODUCTS_DIR; };
		47F3DBD72A364BC400A50500 /* AppDelegate.swift */ = {isa = PBXFileReference; lastKnownFileType = sourcecode.swift; path = AppDelegate.swift; sourceTree = "<group>"; };
		47F3DBD92A364BC400A50500 /* SceneDelegate.swift */ = {isa = PBXFileReference; lastKnownFileType = sourcecode.swift; path = SceneDelegate.swift; sourceTree = "<group>"; };
		47F3DBE02A364BC500A50500 /* Assets.xcassets */ = {isa = PBXFileReference; lastKnownFileType = folder.assetcatalog; path = Assets.xcassets; sourceTree = "<group>"; };
		47F3DBE32A364BC500A50500 /* Base */ = {isa = PBXFileReference; lastKnownFileType = file.storyboard; name = Base; path = Base.lproj/LaunchScreen.storyboard; sourceTree = "<group>"; };
		47F3DBE52A364BC500A50500 /* Info.plist */ = {isa = PBXFileReference; lastKnownFileType = text.plist.xml; path = Info.plist; sourceTree = "<group>"; };
		47F3DBF12A364CA100A50500 /* Coordinator.swift */ = {isa = PBXFileReference; lastKnownFileType = sourcecode.swift; path = Coordinator.swift; sourceTree = "<group>"; };
		47F3DBF52A364CDA00A50500 /* SecondViewController.swift */ = {isa = PBXFileReference; lastKnownFileType = sourcecode.swift; path = SecondViewController.swift; sourceTree = "<group>"; };
		47F3DBF72A364CE500A50500 /* FirstViewController.swift */ = {isa = PBXFileReference; lastKnownFileType = sourcecode.swift; path = FirstViewController.swift; sourceTree = "<group>"; };
		47F3DBFB2A364EF400A50500 /* HomeViewController.swift */ = {isa = PBXFileReference; lastKnownFileType = sourcecode.swift; path = HomeViewController.swift; sourceTree = "<group>"; };
/* End PBXFileReference section */

/* Begin PBXFrameworksBuildPhase section */
		47F3DBD12A364BC400A50500 /* Frameworks */ = {
			isa = PBXFrameworksBuildPhase;
			buildActionMask = 2147483647;
			files = (
			);
			runOnlyForDeploymentPostprocessing = 0;
		};
/* End PBXFrameworksBuildPhase section */

/* Begin PBXGroup section */
		470C60232A365619003ADA38 /* HomeViewXib */ = {
			isa = PBXGroup;
			children = (
				470C60262A36563C003ADA38 /* HomeViewXib.swift */,
				470C60242A36562B003ADA38 /* HomeViewXib.xib */,
			);
			path = HomeViewXib;
			sourceTree = "<group>";
		};
		470C602A2A365764003ADA38 /* FirstViewGroup */ = {
			isa = PBXGroup;
			children = (
				470C60282A365760003ADA38 /* FirstViewXib.swift */,
				470C602B2A3657CC003ADA38 /* FirstViewXib.xib */,
			);
			path = FirstViewGroup;
			sourceTree = "<group>";
		};
		470C602D2A36583B003ADA38 /* SecondViewXib */ = {
			isa = PBXGroup;
			children = (
				470C602E2A365853003ADA38 /* SecondViewXib.swift */,
				470C60302A365865003ADA38 /* SecondViewXib.xib */,
			);
			path = SecondViewXib;
			sourceTree = "<group>";
		};
		47F3DBCB2A364BC400A50500 = {
			isa = PBXGroup;
			children = (
				47F3DBD62A364BC400A50500 /* test_coordinator_pattern */,
				47F3DBD52A364BC400A50500 /* Products */,
			);
			sourceTree = "<group>";
		};
		47F3DBD52A364BC400A50500 /* Products */ = {
			isa = PBXGroup;
			children = (
				47F3DBD42A364BC400A50500 /* test_coordinator_pattern.app */,
			);
			name = Products;
			sourceTree = "<group>";
		};
		47F3DBD62A364BC400A50500 /* test_coordinator_pattern */ = {
			isa = PBXGroup;
			children = (
				47F3DBED2A364C6200A50500 /* viewController */,
				47F3DBEC2A364C5300A50500 /* ui */,
				47F3DBEB2A364C4200A50500 /* navigation */,
				47F3DBD72A364BC400A50500 /* AppDelegate.swift */,
				47F3DBD92A364BC400A50500 /* SceneDelegate.swift */,
				47F3DBE02A364BC500A50500 /* Assets.xcassets */,
				47F3DBE22A364BC500A50500 /* LaunchScreen.storyboard */,
				47F3DBE52A364BC500A50500 /* Info.plist */,
			);
			path = test_coordinator_pattern;
			sourceTree = "<group>";
		};
		47F3DBEB2A364C4200A50500 /* navigation */ = {
			isa = PBXGroup;
			children = (
				47F3DBF12A364CA100A50500 /* Coordinator.swift */,
			);
			path = navigation;
			sourceTree = "<group>";
		};
		47F3DBEC2A364C5300A50500 /* ui */ = {
			isa = PBXGroup;
			children = (
				470C602D2A36583B003ADA38 /* SecondViewXib */,
				470C602A2A365764003ADA38 /* FirstViewGroup */,
				470C60232A365619003ADA38 /* HomeViewXib */,
			);
			path = ui;
			sourceTree = "<group>";
		};
		47F3DBED2A364C6200A50500 /* viewController */ = {
			isa = PBXGroup;
			children = (
				47F3DBF52A364CDA00A50500 /* SecondViewController.swift */,
				47F3DBF72A364CE500A50500 /* FirstViewController.swift */,
				47F3DBFB2A364EF400A50500 /* HomeViewController.swift */,
			);
			path = viewController;
			sourceTree = "<group>";
		};
/* End PBXGroup section */

/* Begin PBXNativeTarget section */
		47F3DBD32A364BC400A50500 /* test_coordinator_pattern */ = {
			isa = PBXNativeTarget;
			buildConfigurationList = 47F3DBE82A364BC500A50500 /* Build configuration list for PBXNativeTarget "test_coordinator_pattern" */;
			buildPhases = (
				47F3DBD02A364BC400A50500 /* Sources */,
				47F3DBD12A364BC400A50500 /* Frameworks */,
				47F3DBD22A364BC400A50500 /* Resources */,
			);
			buildRules = (
			);
			dependencies = (
			);
			name = test_coordinator_pattern;
			productName = test_coordinator_pattern;
			productReference = 47F3DBD42A364BC400A50500 /* test_coordinator_pattern.app */;
			productType = "com.apple.product-type.application";
		};
/* End PBXNativeTarget section */

/* Begin PBXProject section */
		47F3DBCC2A364BC400A50500 /* Project object */ = {
			isa = PBXProject;
			attributes = {
				BuildIndependentTargetsInParallel = 1;
				LastSwiftUpdateCheck = 1430;
				LastUpgradeCheck = 1430;
				TargetAttributes = {
					47F3DBD32A364BC400A50500 = {
						CreatedOnToolsVersion = 14.3;
					};
				};
			};
			buildConfigurationList = 47F3DBCF2A364BC400A50500 /* Build configuration list for PBXProject "test_coordinator_pattern" */;
			compatibilityVersion = "Xcode 14.0";
			developmentRegion = en;
			hasScannedForEncodings = 0;
			knownRegions = (
				en,
				Base,
			);
			mainGroup = 47F3DBCB2A364BC400A50500;
			productRefGroup = 47F3DBD52A364BC400A50500 /* Products */;
			projectDirPath = "";
			projectRoot = "";
			targets = (
				47F3DBD32A364BC400A50500 /* test_coordinator_pattern */,
			);
		};
/* End PBXProject section */

/* Begin PBXResourcesBuildPhase section */
		47F3DBD22A364BC400A50500 /* Resources */ = {
			isa = PBXResourcesBuildPhase;
			buildActionMask = 2147483647;
			files = (
				470C60252A36562B003ADA38 /* HomeViewXib.xib in Resources */,
				47F3DBE42A364BC500A50500 /* LaunchScreen.storyboard in Resources */,
				47F3DBE12A364BC500A50500 /* Assets.xcassets in Resources */,
				470C60312A365865003ADA38 /* SecondViewXib.xib in Resources */,
				470C602C2A3657CC003ADA38 /* FirstViewXib.xib in Resources */,
			);
			runOnlyForDeploymentPostprocessing = 0;
		};
/* End PBXResourcesBuildPhase section */

/* Begin PBXSourcesBuildPhase section */
		47F3DBD02A364BC400A50500 /* Sources */ = {
			isa = PBXSourcesBuildPhase;
			buildActionMask = 2147483647;
			files = (
				47F3DBD82A364BC400A50500 /* AppDelegate.swift in Sources */,
				470C60272A36563C003ADA38 /* HomeViewXib.swift in Sources */,
				47F3DBDA2A364BC400A50500 /* SceneDelegate.swift in Sources */,
				470C60292A365760003ADA38 /* FirstViewXib.swift in Sources */,
				47F3DBF22A364CA100A50500 /* Coordinator.swift in Sources */,
				47F3DBF82A364CE500A50500 /* FirstViewController.swift in Sources */,
				470C602F2A365853003ADA38 /* SecondViewXib.swift in Sources */,
				47F3DBFC2A364EF400A50500 /* HomeViewController.swift in Sources */,
				47F3DBF62A364CDA00A50500 /* SecondViewController.swift in Sources */,
			);
			runOnlyForDeploymentPostprocessing = 0;
		};
/* End PBXSourcesBuildPhase section */

/* Begin PBXVariantGroup section */
		47F3DBE22A364BC500A50500 /* LaunchScreen.storyboard */ = {
			isa = PBXVariantGroup;
			children = (
				47F3DBE32A364BC500A50500 /* Base */,
			);
			name = LaunchScreen.storyboard;
			sourceTree = "<group>";
		};
/* End PBXVariantGroup section */

/* Begin XCBuildConfiguration section */
		47F3DBE62A364BC500A50500 /* Debug */ = {
			isa = XCBuildConfiguration;
			buildSettings = {
				ALWAYS_SEARCH_USER_PATHS = NO;
				CLANG_ANALYZER_NONNULL = YES;
				CLANG_ANALYZER_NUMBER_OBJECT_CONVERSION = YES_AGGRESSIVE;
				CLANG_CXX_LANGUAGE_STANDARD = "gnu++20";
				CLANG_ENABLE_MODULES = YES;
				CLANG_ENABLE_OBJC_ARC = YES;
				CLANG_ENABLE_OBJC_WEAK = YES;
				CLANG_WARN_BLOCK_CAPTURE_AUTORELEASING = YES;
				CLANG_WARN_BOOL_CONVERSION = YES;
				CLANG_WARN_COMMA = YES;
				CLANG_WARN_CONSTANT_CONVERSION = YES;
				CLANG_WARN_DEPRECATED_OBJC_IMPLEMENTATIONS = YES;
				CLANG_WARN_DIRECT_OBJC_ISA_USAGE = YES_ERROR;
				CLANG_WARN_DOCUMENTATION_COMMENTS = YES;
				CLANG_WARN_EMPTY_BODY = YES;
				CLANG_WARN_ENUM_CONVERSION = YES;
				CLANG_WARN_INFINITE_RECURSION = YES;
				CLANG_WARN_INT_CONVERSION = YES;
				CLANG_WARN_NON_LITERAL_NULL_CONVERSION = YES;
				CLANG_WARN_OBJC_IMPLICIT_RETAIN_SELF = YES;
				CLANG_WARN_OBJC_LITERAL_CONVERSION = YES;
				CLANG_WARN_OBJC_ROOT_CLASS = YES_ERROR;
				CLANG_WARN_QUOTED_INCLUDE_IN_FRAMEWORK_HEADER = YES;
				CLANG_WARN_RANGE_LOOP_ANALYSIS = YES;
				CLANG_WARN_STRICT_PROTOTYPES = YES;
				CLANG_WARN_SUSPICIOUS_MOVE = YES;
				CLANG_WARN_UNGUARDED_AVAILABILITY = YES_AGGRESSIVE;
				CLANG_WARN_UNREACHABLE_CODE = YES;
				CLANG_WARN__DUPLICATE_METHOD_MATCH = YES;
				COPY_PHASE_STRIP = NO;
				DEBUG_INFORMATION_FORMAT = dwarf;
				ENABLE_STRICT_OBJC_MSGSEND = YES;
				ENABLE_TESTABILITY = YES;
				GCC_C_LANGUAGE_STANDARD = gnu11;
				GCC_DYNAMIC_NO_PIC = NO;
				GCC_NO_COMMON_BLOCKS = YES;
				GCC_OPTIMIZATION_LEVEL = 0;
				GCC_PREPROCESSOR_DEFINITIONS = (
					"DEBUG=1",
					"$(inherited)",
				);
				GCC_WARN_64_TO_32_BIT_CONVERSION = YES;
				GCC_WARN_ABOUT_RETURN_TYPE = YES_ERROR;
				GCC_WARN_UNDECLARED_SELECTOR = YES;
				GCC_WARN_UNINITIALIZED_AUTOS = YES_AGGRESSIVE;
				GCC_WARN_UNUSED_FUNCTION = YES;
				GCC_WARN_UNUSED_VARIABLE = YES;
				IPHONEOS_DEPLOYMENT_TARGET = 16.4;
				MTL_ENABLE_DEBUG_INFO = INCLUDE_SOURCE;
				MTL_FAST_MATH = YES;
				ONLY_ACTIVE_ARCH = YES;
				SDKROOT = iphoneos;
				SWIFT_ACTIVE_COMPILATION_CONDITIONS = DEBUG;
				SWIFT_OPTIMIZATION_LEVEL = "-Onone";
			};
			name = Debug;
		};
		47F3DBE72A364BC500A50500 /* Release */ = {
			isa = XCBuildConfiguration;
			buildSettings = {
				ALWAYS_SEARCH_USER_PATHS = NO;
				CLANG_ANALYZER_NONNULL = YES;
				CLANG_ANALYZER_NUMBER_OBJECT_CONVERSION = YES_AGGRESSIVE;
				CLANG_CXX_LANGUAGE_STANDARD = "gnu++20";
				CLANG_ENABLE_MODULES = YES;
				CLANG_ENABLE_OBJC_ARC = YES;
				CLANG_ENABLE_OBJC_WEAK = YES;
				CLANG_WARN_BLOCK_CAPTURE_AUTORELEASING = YES;
				CLANG_WARN_BOOL_CONVERSION = YES;
				CLANG_WARN_COMMA = YES;
				CLANG_WARN_CONSTANT_CONVERSION = YES;
				CLANG_WARN_DEPRECATED_OBJC_IMPLEMENTATIONS = YES;
				CLANG_WARN_DIRECT_OBJC_ISA_USAGE = YES_ERROR;
				CLANG_WARN_DOCUMENTATION_COMMENTS = YES;
				CLANG_WARN_EMPTY_BODY = YES;
				CLANG_WARN_ENUM_CONVERSION = YES;
				CLANG_WARN_INFINITE_RECURSION = YES;
				CLANG_WARN_INT_CONVERSION = YES;
				CLANG_WARN_NON_LITERAL_NULL_CONVERSION = YES;
				CLANG_WARN_OBJC_IMPLICIT_RETAIN_SELF = YES;
				CLANG_WARN_OBJC_LITERAL_CONVERSION = YES;
				CLANG_WARN_OBJC_ROOT_CLASS = YES_ERROR;
				CLANG_WARN_QUOTED_INCLUDE_IN_FRAMEWORK_HEADER = YES;
				CLANG_WARN_RANGE_LOOP_ANALYSIS = YES;
				CLANG_WARN_STRICT_PROTOTYPES = YES;
				CLANG_WARN_SUSPICIOUS_MOVE = YES;
				CLANG_WARN_UNGUARDED_AVAILABILITY = YES_AGGRESSIVE;
				CLANG_WARN_UNREACHABLE_CODE = YES;
				CLANG_WARN__DUPLICATE_METHOD_MATCH = YES;
				COPY_PHASE_STRIP = NO;
				DEBUG_INFORMATION_FORMAT = "dwarf-with-dsym";
				ENABLE_NS_ASSERTIONS = NO;
				ENABLE_STRICT_OBJC_MSGSEND = YES;
				GCC_C_LANGUAGE_STANDARD = gnu11;
				GCC_NO_COMMON_BLOCKS = YES;
				GCC_WARN_64_TO_32_BIT_CONVERSION = YES;
				GCC_WARN_ABOUT_RETURN_TYPE = YES_ERROR;
				GCC_WARN_UNDECLARED_SELECTOR = YES;
				GCC_WARN_UNINITIALIZED_AUTOS = YES_AGGRESSIVE;
				GCC_WARN_UNUSED_FUNCTION = YES;
				GCC_WARN_UNUSED_VARIABLE = YES;
				IPHONEOS_DEPLOYMENT_TARGET = 16.4;
				MTL_ENABLE_DEBUG_INFO = NO;
				MTL_FAST_MATH = YES;
				SDKROOT = iphoneos;
				SWIFT_COMPILATION_MODE = wholemodule;
				SWIFT_OPTIMIZATION_LEVEL = "-O";
				VALIDATE_PRODUCT = YES;
			};
			name = Release;
		};
		47F3DBE92A364BC500A50500 /* Debug */ = {
			isa = XCBuildConfiguration;
			buildSettings = {
				ASSETCATALOG_COMPILER_APPICON_NAME = AppIcon;
				ASSETCATALOG_COMPILER_GLOBAL_ACCENT_COLOR_NAME = AccentColor;
				CODE_SIGN_STYLE = Automatic;
				CURRENT_PROJECT_VERSION = 1;
				DEVELOPMENT_TEAM = 8DD83HKK8X;
				GENERATE_INFOPLIST_FILE = YES;
				INFOPLIST_FILE = test_coordinator_pattern/Info.plist;
				INFOPLIST_KEY_UIApplicationSupportsIndirectInputEvents = YES;
				INFOPLIST_KEY_UILaunchStoryboardName = LaunchScreen.storyboard;
				INFOPLIST_KEY_UISupportedInterfaceOrientations_iPad = "UIInterfaceOrientationPortrait UIInterfaceOrientationPortraitUpsideDown UIInterfaceOrientationLandscapeLeft UIInterfaceOrientationLandscapeRight";
				INFOPLIST_KEY_UISupportedInterfaceOrientations_iPhone = "UIInterfaceOrientationPortrait UIInterfaceOrientationLandscapeLeft UIInterfaceOrientationLandscapeRight";
				IPHONEOS_DEPLOYMENT_TARGET = 13.0;
				LD_RUNPATH_SEARCH_PATHS = (
					"$(inherited)",
					"@executable_path/Frameworks",
				);
				MARKETING_VERSION = 1.0;
				PRODUCT_BUNDLE_IDENTIFIER = "com.actimage.tezov.test-coordinator-pattern";
				PRODUCT_NAME = "$(TARGET_NAME)";
				SWIFT_EMIT_LOC_STRINGS = YES;
				SWIFT_VERSION = 5.0;
				TARGETED_DEVICE_FAMILY = "1,2";
			};
			name = Debug;
		};
		47F3DBEA2A364BC500A50500 /* Release */ = {
			isa = XCBuildConfiguration;
			buildSettings = {
				ASSETCATALOG_COMPILER_APPICON_NAME = AppIcon;
				ASSETCATALOG_COMPILER_GLOBAL_ACCENT_COLOR_NAME = AccentColor;
				CODE_SIGN_STYLE = Automatic;
				CURRENT_PROJECT_VERSION = 1;
				DEVELOPMENT_TEAM = 8DD83HKK8X;
				GENERATE_INFOPLIST_FILE = YES;
				INFOPLIST_FILE = test_coordinator_pattern/Info.plist;
				INFOPLIST_KEY_UIApplicationSupportsIndirectInputEvents = YES;
				INFOPLIST_KEY_UILaunchStoryboardName = LaunchScreen.storyboard;
				INFOPLIST_KEY_UISupportedInterfaceOrientations_iPad = "UIInterfaceOrientationPortrait UIInterfaceOrientationPortraitUpsideDown UIInterfaceOrientationLandscapeLeft UIInterfaceOrientationLandscapeRight";
				INFOPLIST_KEY_UISupportedInterfaceOrientations_iPhone = "UIInterfaceOrientationPortrait UIInterfaceOrientationLandscapeLeft UIInterfaceOrientationLandscapeRight";
				IPHONEOS_DEPLOYMENT_TARGET = 13.0;
				LD_RUNPATH_SEARCH_PATHS = (
					"$(inherited)",
					"@executable_path/Frameworks",
				);
				MARKETING_VERSION = 1.0;
				PRODUCT_BUNDLE_IDENTIFIER = "com.actimage.tezov.test-coordinator-pattern";
				PRODUCT_NAME = "$(TARGET_NAME)";
				SWIFT_EMIT_LOC_STRINGS = YES;
				SWIFT_VERSION = 5.0;
				TARGETED_DEVICE_FAMILY = "1,2";
			};
			name = Release;
		};
/* End XCBuildConfiguration section */

/* Begin XCConfigurationList section */
		47F3DBCF2A364BC400A50500 /* Build configuration list for PBXProject "test_coordinator_pattern" */ = {
			isa = XCConfigurationList;
			buildConfigurations = (
				47F3DBE62A364BC500A50500 /* Debug */,
				47F3DBE72A364BC500A50500 /* Release */,
			);
			defaultConfigurationIsVisible = 0;
			defaultConfigurationName = Release;
		};
		47F3DBE82A364BC500A50500 /* Build configuration list for PBXNativeTarget "test_coordinator_pattern" */ = {
			isa = XCConfigurationList;
			buildConfigurations = (
				47F3DBE92A364BC500A50500 /* Debug */,
				47F3DBEA2A364BC500A50500 /* Release */,
			);
			defaultConfigurationIsVisible = 0;
			defaultConfigurationName = Release;
		};
/* End XCConfigurationList section */
	};
	rootObject = 47F3DBCC2A364BC400A50500 /* Project object */;
}
